{
  "nodes": {
    "home": {
      "inputs": {
        "nixpkgs": [
          "nixpkgs"
        ]
      },
      "locked": {
        "lastModified": 1732025103,
        "narHash": "sha256-qjEI64RKvDxRyEarY0jTzrZMa8ebezh2DEZmJJrpVdo=",
        "owner": "nix-community",
        "repo": "home-manager",
        "rev": "a46e702093a5c46e192243edbd977d5749e7f294",
        "type": "github"
      },
      "original": {
        "owner": "nix-community",
        "ref": "master",
        "repo": "home-manager",
        "type": "github"
      }
    },
    "nixpkgs": {
      "locked": {
        "lastModified": 1731676054,
        "narHash": "sha256-OZiZ3m8SCMfh3B6bfGC/Bm4x3qc1m2SVEAlkV6iY7Yg=",
        "owner": "NixOS",
        "repo": "nixpkgs",
        "rev": "5e4fbfb6b3de1aa2872b76d49fafc942626e2add",
        "type": "github"
      },
      "original": {
        "id": "nixpkgs",
        "ref": "nixos-unstable",
        "type": "indirect"
      }
    },
    "nixpkgs-turbo": {
      "locked": {
        "lastModified": 1732122860,
        "narHash": "sha256-yYSlYXoo4B8e5ADi9A3Mp9QZPDbH5Fr/tbSPwtgfcoU=",
        "owner": "NixOS",
        "repo": "nixpkgs",
        "rev": "7b97b0732cab44ad0a4188015cca7199cf6d2769",
        "type": "github"
      },
      "original": {
        "id": "nixpkgs",
        "ref": "master",
        "type": "indirect"
      }
    },
    "root": {
      "inputs": {
        "home": "home",
        "nixpkgs": "nixpkgs",
        "nixpkgs-turbo": "nixpkgs-turbo"
      }
    }
  },
  "root": "root",
  "version": 7
}
