{
  "nodes": {
    "home": {
      "inputs": {
        "nixpkgs": [
          "nixpkgs"
        ]
      },
      "locked": {
        "lastModified": 1710714957,
        "narHash": "sha256-eZCxuF58YWgaJMMRrn8oRkwRhxooe5kBS/s2wRVr9PA=",
        "owner": "nix-community",
        "repo": "home-manager",
        "rev": "7b3fca5adcf6c709874a8f2e0c364fe9c58db989",
        "type": "github"
      },
      "original": {
        "owner": "nix-community",
        "ref": "master",
        "repo": "home-manager",
        "type": "github"
      }
    },
    "nixpkgs": {
      "locked": {
        "lastModified": 1710631334,
        "narHash": "sha256-rL5LSYd85kplL5othxK5lmAtjyMOBg390sGBTb3LRMM=",
        "owner": "NixOS",
        "repo": "nixpkgs",
        "rev": "c75037bbf9093a2acb617804ee46320d6d1fea5a",
        "type": "github"
      },
      "original": {
        "id": "nixpkgs",
        "ref": "nixos-unstable",
        "type": "indirect"
      }
    },
    "nixpkgs-stable": {
      "locked": {
        "lastModified": 1710742819,
        "narHash": "sha256-ioUy6PIUA/WrGdapuyhnw4mlW5J4w6aYrsfYIrwK3eA=",
        "owner": "NixOS",
        "repo": "nixpkgs",
        "rev": "5d39f83d536ca7b0cc495691c9b77a5a91389b6c",
        "type": "github"
      },
      "original": {
        "id": "nixpkgs",
        "ref": "release-23.11",
        "type": "indirect"
      }
    },
    "nixpkgs-turbo": {
      "locked": {
        "lastModified": 1710747966,
        "narHash": "sha256-ePebmHUBiWy8DVpEHhfRN1xFTzG9tdAaMU2CIpOOYtU=",
        "owner": "NixOS",
        "repo": "nixpkgs",
        "rev": "2fdbf6a4908919b2d4332a817bdd3e2cec933469",
        "type": "github"
      },
      "original": {
        "id": "nixpkgs",
        "ref": "master",
        "type": "indirect"
      }
    },
    "root": {
      "inputs": {
        "home": "home",
        "nixpkgs": "nixpkgs",
        "nixpkgs-stable": "nixpkgs-stable",
        "nixpkgs-turbo": "nixpkgs-turbo"
      }
    }
  },
  "root": "root",
  "version": 7
}
