{
  "nodes": {
    "forgit": {
      "flake": false,
      "locked": {
        "lastModified": 1663431390,
        "narHash": "sha256-dz7HNm9+dgb2ibomdrYdtSUC+ksrYdRR5RjBxSmc9eI=",
        "owner": "wfxr",
        "repo": "forgit",
        "rev": "49579b2d1f620db6a71d070b40416c1af8a32168",
        "type": "github"
      },
      "original": {
        "owner": "wfxr",
        "repo": "forgit",
        "type": "github"
      }
    },
    "home": {
      "inputs": {
        "nixpkgs": [
          "nixpkgs"
        ],
        "utils": "utils"
      },
      "locked": {
        "lastModified": 1664286632,
        "narHash": "sha256-fKENvLanhmBENlIbmDAVB8SKSbwdLLBYKu6B7oJ0rLc=",
        "owner": "nix-community",
        "repo": "home-manager",
        "rev": "6dc8a43f397c92afbc3f771385ac803d96d5eeb5",
        "type": "github"
      },
      "original": {
        "owner": "nix-community",
        "ref": "master",
        "repo": "home-manager",
        "type": "github"
      }
    },
    "nixpkgs": {
      "locked": {
        "lastModified": 1664281702,
        "narHash": "sha256-haixZ4TJLu1Dciow54wrHrHvlGDVr5sW6MTeAV/ZLuI=",
        "owner": "NixOS",
        "repo": "nixpkgs",
        "rev": "7e52b35fe98481a279d89f9c145f8076d049d2b9",
        "type": "github"
      },
      "original": {
        "id": "nixpkgs",
        "ref": "nixos-unstable",
        "type": "indirect"
      }
    },
    "nixpkgs-stable": {
      "locked": {
        "lastModified": 1664438633,
        "narHash": "sha256-qEotLz24HnHhgmba4drLHIxXG+IKQ7uve5GjUhjWhTU=",
        "owner": "NixOS",
        "repo": "nixpkgs",
        "rev": "13cbe534ebe63a0bc2619c57661a2150569d0443",
        "type": "github"
      },
      "original": {
        "id": "nixpkgs",
        "ref": "release-22.05",
        "type": "indirect"
      }
    },
    "nixpkgs-turbo": {
      "locked": {
        "lastModified": 1664444639,
        "narHash": "sha256-jcJXPzHtvpkWnSfyupCcudnpDmj9B9wh+V1dh9nSUQ0=",
        "owner": "NixOS",
        "repo": "nixpkgs",
        "rev": "0f81cd747d92979012058257f8b0b6fa64cc4a94",
        "type": "github"
      },
      "original": {
        "id": "nixpkgs",
        "ref": "master",
        "type": "indirect"
      }
    },
    "root": {
      "inputs": {
        "forgit": "forgit",
        "home": "home",
        "nixpkgs": "nixpkgs",
        "nixpkgs-stable": "nixpkgs-stable",
        "nixpkgs-turbo": "nixpkgs-turbo"
      }
    },
    "utils": {
      "locked": {
        "lastModified": 1659877975,
        "narHash": "sha256-zllb8aq3YO3h8B/U0/J1WBgAL8EX5yWf5pMj3G0NAmc=",
        "owner": "numtide",
        "repo": "flake-utils",
        "rev": "c0e246b9b83f637f4681389ecabcb2681b4f3af0",
        "type": "github"
      },
      "original": {
        "owner": "numtide",
        "repo": "flake-utils",
        "type": "github"
      }
    }
  },
  "root": "root",
  "version": 7
}
